// !$*UTF8*$!
{
	archiveVersion = 1;
	classes = {
	};
	objectVersion = 50;
	objects = {

/* Begin PBXBuildFile section */
		FB14A43A23CFBF5000D117DE /* AppDelegate.swift in Sources */ = {isa = PBXBuildFile; fileRef = FB14A43923CFBF5000D117DE /* AppDelegate.swift */; };
		FB14A43C23CFBF5000D117DE /* SceneDelegate.swift in Sources */ = {isa = PBXBuildFile; fileRef = FB14A43B23CFBF5000D117DE /* SceneDelegate.swift */; };
		FB14A43E23CFBF5000D117DE /* ViewController.swift in Sources */ = {isa = PBXBuildFile; fileRef = FB14A43D23CFBF5000D117DE /* ViewController.swift */; };
		FB14A44123CFBF5000D117DE /* Main.storyboard in Resources */ = {isa = PBXBuildFile; fileRef = FB14A43F23CFBF5000D117DE /* Main.storyboard */; };
		FB14A44323CFBF5100D117DE /* Assets.xcassets in Resources */ = {isa = PBXBuildFile; fileRef = FB14A44223CFBF5100D117DE /* Assets.xcassets */; };
		FB14A44623CFBF5100D117DE /* LaunchScreen.storyboard in Resources */ = {isa = PBXBuildFile; fileRef = FB14A44423CFBF5100D117DE /* LaunchScreen.storyboard */; };
		FB14A45123CFBF5100D117DE /* TipCalculatorTests.swift in Sources */ = {isa = PBXBuildFile; fileRef = FB14A45023CFBF5100D117DE /* TipCalculatorTests.swift */; };
		FB14A45C23CFBF5100D117DE /* TipCalculatorUITests.swift in Sources */ = {isa = PBXBuildFile; fileRef = FB14A45B23CFBF5100D117DE /* TipCalculatorUITests.swift */; };
/* End PBXBuildFile section */

/* Begin PBXContainerItemProxy section */
		FB14A44D23CFBF5100D117DE /* PBXContainerItemProxy */ = {
			isa = PBXContainerItemProxy;
			containerPortal = FB14A42E23CFBF5000D117DE /* Project object */;
			proxyType = 1;
			remoteGlobalIDString = FB14A43523CFBF5000D117DE;
			remoteInfo = TipCalculator;
		};
		FB14A45823CFBF5100D117DE /* PBXContainerItemProxy */ = {
			isa = PBXContainerItemProxy;
			containerPortal = FB14A42E23CFBF5000D117DE /* Project object */;
			proxyType = 1;
			remoteGlobalIDString = FB14A43523CFBF5000D117DE;
			remoteInfo = TipCalculator;
		};
/* End PBXContainerItemProxy section */

/* Begin PBXFileReference section */
		FB14A43623CFBF5000D117DE /* TipCalculator.app */ = {isa = PBXFileReference; explicitFileType = wrapper.application; includeInIndex = 0; path = TipCalculator.app; sourceTree = BUILT_PRODUCTS_DIR; };
		FB14A43923CFBF5000D117DE /* AppDelegate.swift */ = {isa = PBXFileReference; lastKnownFileType = sourcecode.swift; path = AppDelegate.swift; sourceTree = "<group>"; };
		FB14A43B23CFBF5000D117DE /* SceneDelegate.swift */ = {isa = PBXFileReference; lastKnownFileType = sourcecode.swift; path = SceneDelegate.swift; sourceTree = "<group>"; };
		FB14A43D23CFBF5000D117DE /* ViewController.swift */ = {isa = PBXFileReference; lastKnownFileType = sourcecode.swift; path = ViewController.swift; sourceTree = "<group>"; };
		FB14A44023CFBF5000D117DE /* Base */ = {isa = PBXFileReference; lastKnownFileType = file.storyboard; name = Base; path = Base.lproj/Main.storyboard; sourceTree = "<group>"; };
		FB14A44223CFBF5100D117DE /* Assets.xcassets */ = {isa = PBXFileReference; lastKnownFileType = folder.assetcatalog; path = Assets.xcassets; sourceTree = "<group>"; };
		FB14A44523CFBF5100D117DE /* Base */ = {isa = PBXFileReference; lastKnownFileType = file.storyboard; name = Base; path = Base.lproj/LaunchScreen.storyboard; sourceTree = "<group>"; };
		FB14A44723CFBF5100D117DE /* Info.plist */ = {isa = PBXFileReference; lastKnownFileType = text.plist.xml; path = Info.plist; sourceTree = "<group>"; };
		FB14A44C23CFBF5100D117DE /* TipCalculatorTests.xctest */ = {isa = PBXFileReference; explicitFileType = wrapper.cfbundle; includeInIndex = 0; path = TipCalculatorTests.xctest; sourceTree = BUILT_PRODUCTS_DIR; };
		FB14A45023CFBF5100D117DE /* TipCalculatorTests.swift */ = {isa = PBXFileReference; lastKnownFileType = sourcecode.swift; path = TipCalculatorTests.swift; sourceTree = "<group>"; };
		FB14A45223CFBF5100D117DE /* Info.plist */ = {isa = PBXFileReference; lastKnownFileType = text.plist.xml; path = Info.plist; sourceTree = "<group>"; };
		FB14A45723CFBF5100D117DE /* TipCalculatorUITests.xctest */ = {isa = PBXFileReference; explicitFileType = wrapper.cfbundle; includeInIndex = 0; path = TipCalculatorUITests.xctest; sourceTree = BUILT_PRODUCTS_DIR; };
		FB14A45B23CFBF5100D117DE /* TipCalculatorUITests.swift */ = {isa = PBXFileReference; lastKnownFileType = sourcecode.swift; path = TipCalculatorUITests.swift; sourceTree = "<group>"; };
		FB14A45D23CFBF5100D117DE /* Info.plist */ = {isa = PBXFileReference; lastKnownFileType = text.plist.xml; path = Info.plist; sourceTree = "<group>"; };
/* End PBXFileReference section */

/* Begin PBXFrameworksBuildPhase section */
		FB14A43323CFBF5000D117DE /* Frameworks */ = {
			isa = PBXFrameworksBuildPhase;
			buildActionMask = 2147483647;
			files = (
			);
			runOnlyForDeploymentPostprocessing = 0;
		};
		FB14A44923CFBF5100D117DE /* Frameworks */ = {
			isa = PBXFrameworksBuildPhase;
			buildActionMask = 2147483647;
			files = (
			);
			runOnlyForDeploymentPostprocessing = 0;
		};
		FB14A45423CFBF5100D117DE /* Frameworks */ = {
			isa = PBXFrameworksBuildPhase;
			buildActionMask = 2147483647;
			files = (
			);
			runOnlyForDeploymentPostprocessing = 0;
		};
/* End PBXFrameworksBuildPhase section */

/* Begin PBXGroup section */
		FB14A42D23CFBF5000D117DE = {
			isa = PBXGroup;
			children = (
				FB14A43823CFBF5000D117DE /* TipCalculator */,
				FB14A44F23CFBF5100D117DE /* TipCalculatorTests */,
				FB14A45A23CFBF5100D117DE /* TipCalculatorUITests */,
				FB14A43723CFBF5000D117DE /* Products */,
			);
			sourceTree = "<group>";
		};
		FB14A43723CFBF5000D117DE /* Products */ = {
			isa = PBXGroup;
			children = (
				FB14A43623CFBF5000D117DE /* TipCalculator.app */,
				FB14A44C23CFBF5100D117DE /* TipCalculatorTests.xctest */,
				FB14A45723CFBF5100D117DE /* TipCalculatorUITests.xctest */,
			);
			name = Products;
			sourceTree = "<group>";
		};
		FB14A43823CFBF5000D117DE /* TipCalculator */ = {
			isa = PBXGroup;
			children = (
				FB14A43923CFBF5000D117DE /* AppDelegate.swift */,
				FB14A43B23CFBF5000D117DE /* SceneDelegate.swift */,
				FB14A43D23CFBF5000D117DE /* ViewController.swift */,
				FB14A43F23CFBF5000D117DE /* Main.storyboard */,
				FB14A44223CFBF5100D117DE /* Assets.xcassets */,
				FB14A44423CFBF5100D117DE /* LaunchScreen.storyboard */,
				FB14A44723CFBF5100D117DE /* Info.plist */,
			);
			path = TipCalculator;
			sourceTree = "<group>";
		};
		FB14A44F23CFBF5100D117DE /* TipCalculatorTests */ = {
			isa = PBXGroup;
			children = (
				FB14A45023CFBF5100D117DE /* TipCalculatorTests.swift */,
				FB14A45223CFBF5100D117DE /* Info.plist */,
			);
			path = TipCalculatorTests;
			sourceTree = "<group>";
		};
		FB14A45A23CFBF5100D117DE /* TipCalculatorUITests */ = {
			isa = PBXGroup;
			children = (
				FB14A45B23CFBF5100D117DE /* TipCalculatorUITests.swift */,
				FB14A45D23CFBF5100D117DE /* Info.plist */,
			);
			path = TipCalculatorUITests;
			sourceTree = "<group>";
		};
/* End PBXGroup section */

/* Begin PBXNativeTarget section */
		FB14A43523CFBF5000D117DE /* TipCalculator */ = {
			isa = PBXNativeTarget;
			buildConfigurationList = FB14A46023CFBF5100D117DE /* Build configuration list for PBXNativeTarget "TipCalculator" */;
			buildPhases = (
				FB14A43223CFBF5000D117DE /* Sources */,
				FB14A43323CFBF5000D117DE /* Frameworks */,
				FB14A43423CFBF5000D117DE /* Resources */,
			);
			buildRules = (
			);
			dependencies = (
			);
			name = TipCalculator;
			productName = TipCalculator;
			productReference = FB14A43623CFBF5000D117DE /* TipCalculator.app */;
			productType = "com.apple.product-type.application";
		};
		FB14A44B23CFBF5100D117DE /* TipCalculatorTests */ = {
			isa = PBXNativeTarget;
			buildConfigurationList = FB14A46323CFBF5100D117DE /* Build configuration list for PBXNativeTarget "TipCalculatorTests" */;
			buildPhases = (
				FB14A44823CFBF5100D117DE /* Sources */,
				FB14A44923CFBF5100D117DE /* Frameworks */,
				FB14A44A23CFBF5100D117DE /* Resources */,
			);
			buildRules = (
			);
			dependencies = (
				FB14A44E23CFBF5100D117DE /* PBXTargetDependency */,
			);
			name = TipCalculatorTests;
			productName = TipCalculatorTests;
			productReference = FB14A44C23CFBF5100D117DE /* TipCalculatorTests.xctest */;
			productType = "com.apple.product-type.bundle.unit-test";
		};
		FB14A45623CFBF5100D117DE /* TipCalculatorUITests */ = {
			isa = PBXNativeTarget;
			buildConfigurationList = FB14A46623CFBF5100D117DE /* Build configuration list for PBXNativeTarget "TipCalculatorUITests" */;
			buildPhases = (
				FB14A45323CFBF5100D117DE /* Sources */,
				FB14A45423CFBF5100D117DE /* Frameworks */,
				FB14A45523CFBF5100D117DE /* Resources */,
			);
			buildRules = (
			);
			dependencies = (
				FB14A45923CFBF5100D117DE /* PBXTargetDependency */,
			);
			name = TipCalculatorUITests;
			productName = TipCalculatorUITests;
			productReference = FB14A45723CFBF5100D117DE /* TipCalculatorUITests.xctest */;
			productType = "com.apple.product-type.bundle.ui-testing";
		};
/* End PBXNativeTarget section */

/* Begin PBXProject section */
		FB14A42E23CFBF5000D117DE /* Project object */ = {
			isa = PBXProject;
			attributes = {
				LastSwiftUpdateCheck = 1130;
				LastUpgradeCheck = 1130;
				ORGANIZATIONNAME = codepath;
				TargetAttributes = {
					FB14A43523CFBF5000D117DE = {
						CreatedOnToolsVersion = 11.3.1;
					};
					FB14A44B23CFBF5100D117DE = {
						CreatedOnToolsVersion = 11.3.1;
						TestTargetID = FB14A43523CFBF5000D117DE;
					};
					FB14A45623CFBF5100D117DE = {
						CreatedOnToolsVersion = 11.3.1;
						TestTargetID = FB14A43523CFBF5000D117DE;
					};
				};
			};
			buildConfigurationList = FB14A43123CFBF5000D117DE /* Build configuration list for PBXProject "TipCalculator" */;
			compatibilityVersion = "Xcode 9.3";
			developmentRegion = en;
			hasScannedForEncodings = 0;
			knownRegions = (
				en,
				Base,
			);
			mainGroup = FB14A42D23CFBF5000D117DE;
			productRefGroup = FB14A43723CFBF5000D117DE /* Products */;
			projectDirPath = "";
			projectRoot = "";
			targets = (
				FB14A43523CFBF5000D117DE /* TipCalculator */,
				FB14A44B23CFBF5100D117DE /* TipCalculatorTests */,
				FB14A45623CFBF5100D117DE /* TipCalculatorUITests */,
			);
		};
/* End PBXProject section */

/* Begin PBXResourcesBuildPhase section */
		FB14A43423CFBF5000D117DE /* Resources */ = {
			isa = PBXResourcesBuildPhase;
			buildActionMask = 2147483647;
			files = (
				FB14A44623CFBF5100D117DE /* LaunchScreen.storyboard in Resources */,
				FB14A44323CFBF5100D117DE /* Assets.xcassets in Resources */,
				FB14A44123CFBF5000D117DE /* Main.storyboard in Resources */,
			);
			runOnlyForDeploymentPostprocessing = 0;
		};
		FB14A44A23CFBF5100D117DE /* Resources */ = {
			isa = PBXResourcesBuildPhase;
			buildActionMask = 2147483647;
			files = (
			);
			runOnlyForDeploymentPostprocessing = 0;
		};
		FB14A45523CFBF5100D117DE /* Resources */ = {
			isa = PBXResourcesBuildPhase;
			buildActionMask = 2147483647;
			files = (
			);
			runOnlyForDeploymentPostprocessing = 0;
		};
/* End PBXResourcesBuildPhase section */

/* Begin PBXSourcesBuildPhase section */
		FB14A43223CFBF5000D117DE /* Sources */ = {
			isa = PBXSourcesBuildPhase;
			buildActionMask = 2147483647;
			files = (
				FB14A43E23CFBF5000D117DE /* ViewController.swift in Sources */,
				FB14A43A23CFBF5000D117DE /* AppDelegate.swift in Sources */,
				FB14A43C23CFBF5000D117DE /* SceneDelegate.swift in Sources */,
			);
			runOnlyForDeploymentPostprocessing = 0;
		};
		FB14A44823CFBF5100D117DE /* Sources */ = {
			isa = PBXSourcesBuildPhase;
			buildActionMask = 2147483647;
			files = (
				FB14A45123CFBF5100D117DE /* TipCalculatorTests.swift in Sources */,
			);
			runOnlyForDeploymentPostprocessing = 0;
		};
		FB14A45323CFBF5100D117DE /* Sources */ = {
			isa = PBXSourcesBuildPhase;
			buildActionMask = 2147483647;
			files = (
				FB14A45C23CFBF5100D117DE /* TipCalculatorUITests.swift in Sources */,
			);
			runOnlyForDeploymentPostprocessing = 0;
		};
/* End PBXSourcesBuildPhase section */

/* Begin PBXTargetDependency section */
		FB14A44E23CFBF5100D117DE /* PBXTargetDependency */ = {
			isa = PBXTargetDependency;
			target = FB14A43523CFBF5000D117DE /* TipCalculator */;
			targetProxy = FB14A44D23CFBF5100D117DE /* PBXContainerItemProxy */;
		};
		FB14A45923CFBF5100D117DE /* PBXTargetDependency */ = {
			isa = PBXTargetDependency;
			target = FB14A43523CFBF5000D117DE /* TipCalculator */;
			targetProxy = FB14A45823CFBF5100D117DE /* PBXContainerItemProxy */;
		};
/* End PBXTargetDependency section */

/* Begin PBXVariantGroup section */
		FB14A43F23CFBF5000D117DE /* Main.storyboard */ = {
			isa = PBXVariantGroup;
			children = (
				FB14A44023CFBF5000D117DE /* Base */,
			);
			name = Main.storyboard;
			sourceTree = "<group>";
		};
		FB14A44423CFBF5100D117DE /* LaunchScreen.storyboard */ = {
			isa = PBXVariantGroup;
			children = (
				FB14A44523CFBF5100D117DE /* Base */,
			);
			name = LaunchScreen.storyboard;
			sourceTree = "<group>";
		};
/* End PBXVariantGroup section */

/* Begin XCBuildConfiguration section */
		FB14A45E23CFBF5100D117DE /* Debug */ = {
			isa = XCBuildConfiguration;
			buildSettings = {
				ALWAYS_SEARCH_USER_PATHS = NO;
				CLANG_ANALYZER_NONNULL = YES;
				CLANG_ANALYZER_NUMBER_OBJECT_CONVERSION = YES_AGGRESSIVE;
				CLANG_CXX_LANGUAGE_STANDARD = "gnu++14";
				CLANG_CXX_LIBRARY = "libc++";
				CLANG_ENABLE_MODULES = YES;
				CLANG_ENABLE_OBJC_ARC = YES;
				CLANG_ENABLE_OBJC_WEAK = YES;
				CLANG_WARN_BLOCK_CAPTURE_AUTORELEASING = YES;
				CLANG_WARN_BOOL_CONVERSION = YES;
				CLANG_WARN_COMMA = YES;
				CLANG_WARN_CONSTANT_CONVERSION = YES;
				CLANG_WARN_DEPRECATED_OBJC_IMPLEMENTATIONS = YES;
				CLANG_WARN_DIRECT_OBJC_ISA_USAGE = YES_ERROR;
				CLANG_WARN_DOCUMENTATION_COMMENTS = YES;
				CLANG_WARN_EMPTY_BODY = YES;
				CLANG_WARN_ENUM_CONVERSION = YES;
				CLANG_WARN_INFINITE_RECURSION = YES;
				CLANG_WARN_INT_CONVERSION = YES;
				CLANG_WARN_NON_LITERAL_NULL_CONVERSION = YES;
				CLANG_WARN_OBJC_IMPLICIT_RETAIN_SELF = YES;
				CLANG_WARN_OBJC_LITERAL_CONVERSION = YES;
				CLANG_WARN_OBJC_ROOT_CLASS = YES_ERROR;
				CLANG_WARN_RANGE_LOOP_ANALYSIS = YES;
				CLANG_WARN_STRICT_PROTOTYPES = YES;
				CLANG_WARN_SUSPICIOUS_MOVE = YES;
				CLANG_WARN_UNGUARDED_AVAILABILITY = YES_AGGRESSIVE;
				CLANG_WARN_UNREACHABLE_CODE = YES;
				CLANG_WARN__DUPLICATE_METHOD_MATCH = YES;
				COPY_PHASE_STRIP = NO;
				DEBUG_INFORMATION_FORMAT = dwarf;
				ENABLE_STRICT_OBJC_MSGSEND = YES;
				ENABLE_TESTABILITY = YES;
				GCC_C_LANGUAGE_STANDARD = gnu11;
				GCC_DYNAMIC_NO_PIC = NO;
				GCC_NO_COMMON_BLOCKS = YES;
				GCC_OPTIMIZATION_LEVEL = 0;
				GCC_PREPROCESSOR_DEFINITIONS = (
					"DEBUG=1",
					"$(inherited)",
				);
				GCC_WARN_64_TO_32_BIT_CONVERSION = YES;
				GCC_WARN_ABOUT_RETURN_TYPE = YES_ERROR;
				GCC_WARN_UNDECLARED_SELECTOR = YES;
				GCC_WARN_UNINITIALIZED_AUTOS = YES_AGGRESSIVE;
				GCC_WARN_UNUSED_FUNCTION = YES;
				GCC_WARN_UNUSED_VARIABLE = YES;
				IPHONEOS_DEPLOYMENT_TARGET = 13.2;
				MTL_ENABLE_DEBUG_INFO = INCLUDE_SOURCE;
				MTL_FAST_MATH = YES;
				ONLY_ACTIVE_ARCH = YES;
				SDKROOT = iphoneos;
				SWIFT_ACTIVE_COMPILATION_CONDITIONS = DEBUG;
				SWIFT_OPTIMIZATION_LEVEL = "-Onone";
			};
			name = Debug;
		};
		FB14A45F23CFBF5100D117DE /* Release */ = {
			isa = XCBuildConfiguration;
			buildSettings = {
				ALWAYS_SEARCH_USER_PATHS = NO;
				CLANG_ANALYZER_NONNULL = YES;
				CLANG_ANALYZER_NUMBER_OBJECT_CONVERSION = YES_AGGRESSIVE;
				CLANG_CXX_LANGUAGE_STANDARD = "gnu++14";
				CLANG_CXX_LIBRARY = "libc++";
				CLANG_ENABLE_MODULES = YES;
				CLANG_ENABLE_OBJC_ARC = YES;
				CLANG_ENABLE_OBJC_WEAK = YES;
				CLANG_WARN_BLOCK_CAPTURE_AUTORELEASING = YES;
				CLANG_WARN_BOOL_CONVERSION = YES;
				CLANG_WARN_COMMA = YES;
				CLANG_WARN_CONSTANT_CONVERSION = YES;
				CLANG_WARN_DEPRECATED_OBJC_IMPLEMENTATIONS = YES;
				CLANG_WARN_DIRECT_OBJC_ISA_USAGE = YES_ERROR;
				CLANG_WARN_DOCUMENTATION_COMMENTS = YES;
				CLANG_WARN_EMPTY_BODY = YES;
				CLANG_WARN_ENUM_CONVERSION = YES;
				CLANG_WARN_INFINITE_RECURSION = YES;
				CLANG_WARN_INT_CONVERSION = YES;
				CLANG_WARN_NON_LITERAL_NULL_CONVERSION = YES;
				CLANG_WARN_OBJC_IMPLICIT_RETAIN_SELF = YES;
				CLANG_WARN_OBJC_LITERAL_CONVERSION = YES;
				CLANG_WARN_OBJC_ROOT_CLASS = YES_ERROR;
				CLANG_WARN_RANGE_LOOP_ANALYSIS = YES;
				CLANG_WARN_STRICT_PROTOTYPES = YES;
				CLANG_WARN_SUSPICIOUS_MOVE = YES;
				CLANG_WARN_UNGUARDED_AVAILABILITY = YES_AGGRESSIVE;
				CLANG_WARN_UNREACHABLE_CODE = YES;
				CLANG_WARN__DUPLICATE_METHOD_MATCH = YES;
				COPY_PHASE_STRIP = NO;
				DEBUG_INFORMATION_FORMAT = "dwarf-with-dsym";
				ENABLE_NS_ASSERTIONS = NO;
				ENABLE_STRICT_OBJC_MSGSEND = YES;
				GCC_C_LANGUAGE_STANDARD = gnu11;
				GCC_NO_COMMON_BLOCKS = YES;
				GCC_WARN_64_TO_32_BIT_CONVERSION = YES;
				GCC_WARN_ABOUT_RETURN_TYPE = YES_ERROR;
				GCC_WARN_UNDECLARED_SELECTOR = YES;
				GCC_WARN_UNINITIALIZED_AUTOS = YES_AGGRESSIVE;
				GCC_WARN_UNUSED_FUNCTION = YES;
				GCC_WARN_UNUSED_VARIABLE = YES;
				IPHONEOS_DEPLOYMENT_TARGET = 13.2;
				MTL_ENABLE_DEBUG_INFO = NO;
				MTL_FAST_MATH = YES;
				SDKROOT = iphoneos;
				SWIFT_COMPILATION_MODE = wholemodule;
				SWIFT_OPTIMIZATION_LEVEL = "-O";
				VALIDATE_PRODUCT = YES;
			};
			name = Release;
		};
		FB14A46123CFBF5100D117DE /* Debug */ = {
			isa = XCBuildConfiguration;
			buildSettings = {
				ASSETCATALOG_COMPILER_APPICON_NAME = AppIcon;
				CODE_SIGN_STYLE = Automatic;
				INFOPLIST_FILE = TipCalculator/Info.plist;
				LD_RUNPATH_SEARCH_PATHS = (
					"$(inherited)",
					"@executable_path/Frameworks",
				);
				PRODUCT_BUNDLE_IDENTIFIER = com.codepath.TipCalculator;
				PRODUCT_NAME = "$(TARGET_NAME)";
				SWIFT_VERSION = 5.0;
				TARGETED_DEVICE_FAMILY = "1,2";
			};
			name = Debug;
		};
		FB14A46223CFBF5100D117DE /* Release */ = {
			isa = XCBuildConfiguration;
			buildSettings = {
				ASSETCATALOG_COMPILER_APPICON_NAME = AppIcon;
				CODE_SIGN_STYLE = Automatic;
				INFOPLIST_FILE = TipCalculator/Info.plist;
				LD_RUNPATH_SEARCH_PATHS = (
					"$(inherited)",
					"@executable_path/Frameworks",
				);
				PRODUCT_BUNDLE_IDENTIFIER = com.codepath.TipCalculator;
				PRODUCT_NAME = "$(TARGET_NAME)";
				SWIFT_VERSION = 5.0;
				TARGETED_DEVICE_FAMILY = "1,2";
			};
			name = Release;
		};
		FB14A46423CFBF5100D117DE /* Debug */ = {
			isa = XCBuildConfiguration;
			buildSettings = {
				ALWAYS_EMBED_SWIFT_STANDARD_LIBRARIES = YES;
				BUNDLE_LOADER = "$(TEST_HOST)";
				CODE_SIGN_STYLE = Automatic;
				INFOPLIST_FILE = TipCalculatorTests/Info.plist;
				IPHONEOS_DEPLOYMENT_TARGET = 13.2;
				LD_RUNPATH_SEARCH_PATHS = (
					"$(inherited)",
					"@executable_path/Frameworks",
					"@loader_path/Frameworks",
				);
				PRODUCT_BUNDLE_IDENTIFIER = com.codepath.TipCalculatorTests;
				PRODUCT_NAME = "$(TARGET_NAME)";
				SWIFT_VERSION = 5.0;
				TARGETED_DEVICE_FAMILY = "1,2";
				TEST_HOST = "$(BUILT_PRODUCTS_DIR)/TipCalculator.app/TipCalculator";
			};
			name = Debug;
		};
		FB14A46523CFBF5100D117DE /* Release */ = {
			isa = XCBuildConfiguration;
			buildSettings = {
				ALWAYS_EMBED_SWIFT_STANDARD_LIBRARIES = YES;
				BUNDLE_LOADER = "$(TEST_HOST)";
				CODE_SIGN_STYLE = Automatic;
				INFOPLIST_FILE = TipCalculatorTests/Info.plist;
				IPHONEOS_DEPLOYMENT_TARGET = 13.2;
				LD_RUNPATH_SEARCH_PATHS = (
					"$(inherited)",
					"@executable_path/Frameworks",
					"@loader_path/Frameworks",
				);
				PRODUCT_BUNDLE_IDENTIFIER = com.codepath.TipCalculatorTests;
				PRODUCT_NAME = "$(TARGET_NAME)";
				SWIFT_VERSION = 5.0;
				TARGETED_DEVICE_FAMILY = "1,2";
				TEST_HOST = "$(BUILT_PRODUCTS_DIR)/TipCalculator.app/TipCalculator";
			};
			name = Release;
		};
		FB14A46723CFBF5100D117DE /* Debug */ = {
			isa = XCBuildConfiguration;
			buildSettings = {
				ALWAYS_EMBED_SWIFT_STANDARD_LIBRARIES = YES;
				CODE_SIGN_STYLE = Automatic;
				INFOPLIST_FILE = TipCalculatorUITests/Info.plist;
				LD_RUNPATH_SEARCH_PATHS = (
					"$(inherited)",
					"@executable_path/Frameworks",
					"@loader_path/Frameworks",
				);
				PRODUCT_BUNDLE_IDENTIFIER = com.codepath.TipCalculatorUITests;
				PRODUCT_NAME = "$(TARGET_NAME)";
				SWIFT_VERSION = 5.0;
				TARGETED_DEVICE_FAMILY = "1,2";
				TEST_TARGET_NAME = TipCalculator;
			};
			name = Debug;
		};
		FB14A46823CFBF5100D117DE /* Release */ = {
			isa = XCBuildConfiguration;
			buildSettings = {
				ALWAYS_EMBED_SWIFT_STANDARD_LIBRARIES = YES;
				CODE_SIGN_STYLE = Automatic;
				INFOPLIST_FILE = TipCalculatorUITests/Info.plist;
				LD_RUNPATH_SEARCH_PATHS = (
					"$(inherited)",
					"@executable_path/Frameworks",
					"@loader_path/Frameworks",
				);
				PRODUCT_BUNDLE_IDENTIFIER = com.codepath.TipCalculatorUITests;
				PRODUCT_NAME = "$(TARGET_NAME)";
				SWIFT_VERSION = 5.0;
				TARGETED_DEVICE_FAMILY = "1,2";
				TEST_TARGET_NAME = TipCalculator;
			};
			name = Release;
		};
/* End XCBuildConfiguration section */

/* Begin XCConfigurationList section */
		FB14A43123CFBF5000D117DE /* Build configuration list for PBXProject "TipCalculator" */ = {
			isa = XCConfigurationList;
			buildConfigurations = (
				FB14A45E23CFBF5100D117DE /* Debug */,
				FB14A45F23CFBF5100D117DE /* Release */,
			);
			defaultConfigurationIsVisible = 0;
			defaultConfigurationName = Release;
		};
		FB14A46023CFBF5100D117DE /* Build configuration list for PBXNativeTarget "TipCalculator" */ = {
			isa = XCConfigurationList;
			buildConfigurations = (
				FB14A46123CFBF5100D117DE /* Debug */,
				FB14A46223CFBF5100D117DE /* Release */,
			);
			defaultConfigurationIsVisible = 0;
			defaultConfigurationName = Release;
		};
		FB14A46323CFBF5100D117DE /* Build configuration list for PBXNativeTarget "TipCalculatorTests" */ = {
			isa = XCConfigurationList;
			buildConfigurations = (
				FB14A46423CFBF5100D117DE /* Debug */,
				FB14A46523CFBF5100D117DE /* Release */,
			);
			defaultConfigurationIsVisible = 0;
			defaultConfigurationName = Release;
		};
		FB14A46623CFBF5100D117DE /* Build configuration list for PBXNativeTarget "TipCalculatorUITests" */ = {
			isa = XCConfigurationList;
			buildConfigurations = (
				FB14A46723CFBF5100D117DE /* Debug */,
				FB14A46823CFBF5100D117DE /* Release */,
			);
			defaultConfigurationIsVisible = 0;
			defaultConfigurationName = Release;
		};
/* End XCConfigurationList section */
	};
	rootObject = FB14A42E23CFBF5000D117DE /* Project object */;
}
